
Microsoft Visual Studio Solution File, Format Version 12.00
# Visual Studio Version 17
VisualStudioVersion = 17.10.34902.84
MinimumVisualStudioVersion = 10.0.40219.1
Project("{FAE04EC0-301F-11D3-BF4B-00C04F79EFBC}") = "LoopTasks", "LoopTasks\LoopTasks.csproj", "{B3D989F0-1B05-42E6-B888-1D657A896BA6}"
EndProject
Global
	GlobalSection(SolutionConfigurationPlatforms) = preSolution
		Debug|Any CPU = Debug|Any CPU
		Release|Any CPU = Release|Any CPU
	EndGlobalSection
	GlobalSection(ProjectConfigurationPlatforms) = postSolution
		{B3D989F0-1B05-42E6-B888-1D657A896BA6}.Debug|Any CPU.ActiveCfg = Debug|Any CPU
		{B3D989F0-1B05-42E6-B888-1D657A896BA6}.Debug|Any CPU.Build.0 = Debug|Any CPU
		{B3D989F0-1B05-42E6-B888-1D657A896BA6}.Release|Any CPU.ActiveCfg = Release|Any CPU
		{B3D989F0-1B05-42E6-B888-1D657A896BA6}.Release|Any CPU.Build.0 = Release|Any CPU
	EndGlobalSection
	GlobalSection(SolutionProperties) = preSolution
		HideSolutionNode = FALSE
	EndGlobalSection
	GlobalSection(ExtensibilityGlobals) = postSolution
		SolutionGuid = {5309843A-803B-41E9-9B22-820D6A9F6C97}
	EndGlobalSection
EndGlobal
