
Microsoft Visual Studio Solution File, Format Version 12.00
# Visual Studio Version 17
VisualStudioVersion = 17.10.34902.84
MinimumVisualStudioVersion = 10.0.40219.1
Project("{FAE04EC0-301F-11D3-BF4B-00C04F79EFBC}") = "OOPExample", "OOPExample\OOPExample.csproj", "{52A2F50A-42F4-4881-BAE9-323A353CD48C}"
EndProject
Global
	GlobalSection(SolutionConfigurationPlatforms) = preSolution
		Debug|Any CPU = Debug|Any CPU
		Release|Any CPU = Release|Any CPU
	EndGlobalSection
	GlobalSection(ProjectConfigurationPlatforms) = postSolution
		{52A2F50A-42F4-4881-BAE9-323A353CD48C}.Debug|Any CPU.ActiveCfg = Debug|Any CPU
		{52A2F50A-42F4-4881-BAE9-323A353CD48C}.Debug|Any CPU.Build.0 = Debug|Any CPU
		{52A2F50A-42F4-4881-BAE9-323A353CD48C}.Release|Any CPU.ActiveCfg = Release|Any CPU
		{52A2F50A-42F4-4881-BAE9-323A353CD48C}.Release|Any CPU.Build.0 = Release|Any CPU
	EndGlobalSection
	GlobalSection(SolutionProperties) = preSolution
		HideSolutionNode = FALSE
	EndGlobalSection
	GlobalSection(ExtensibilityGlobals) = postSolution
		SolutionGuid = {88A18715-585A-49BC-9AA5-925F786FCD57}
	EndGlobalSection
EndGlobal
